
Microsoft Visual Studio Solution File, Format Version 12.00
# Visual Studio Version 17
VisualStudioVersion = 17.9.34622.214
MinimumVisualStudioVersion = 10.0.40219.1
Project("{9A19103F-16F7-4668-BE54-9A1E7A4F7556}") = "gateway", "gateway\gateway.csproj", "{0C8297BA-D3CF-4EBB-8FED-431121825861}"
EndProject
Global
	GlobalSection(SolutionConfigurationPlatforms) = preSolution
		Debug|Any CPU = Debug|Any CPU
		Release|Any CPU = Release|Any CPU
	EndGlobalSection
	GlobalSection(ProjectConfigurationPlatforms) = postSolution
		{0C8297BA-D3CF-4EBB-8FED-431121825861}.Debug|Any CPU.ActiveCfg = Debug|Any CPU
		{0C8297BA-D3CF-4EBB-8FED-431121825861}.Debug|Any CPU.Build.0 = Debug|Any CPU
		{0C8297BA-D3CF-4EBB-8FED-431121825861}.Release|Any CPU.ActiveCfg = Release|Any CPU
		{0C8297BA-D3CF-4EBB-8FED-431121825861}.Release|Any CPU.Build.0 = Release|Any CPU
	EndGlobalSection
	GlobalSection(SolutionProperties) = preSolution
		HideSolutionNode = FALSE
	EndGlobalSection
	GlobalSection(ExtensibilityGlobals) = postSolution
		SolutionGuid = {5394C768-7663-4503-A41C-282FC231A6DA}
	EndGlobalSection
EndGlobal
